
Microsoft Visual Studio Solution File, Format Version 12.00
# Visual Studio Version 17
VisualStudioVersion = 17.5.33424.131
MinimumVisualStudioVersion = 10.0.40219.1
Project("{8BC9CEB8-8B4A-11D0-8D11-00A0C91BC942}") = "staticfunction_155", "staticfunction_155\staticfunction_155.vcxproj", "{10E5138C-9790-4B02-BD78-6157E00035F8}"
EndProject
Project("{8BC9CEB8-8B4A-11D0-8D11-00A0C91BC942}") = "staticfunction2_155", "staticfunction2_155\staticfunction2_155.vcxproj", "{00EE38D5-6AB0-4F17-B610-98F0D8F6CB14}"
EndProject
Project("{8BC9CEB8-8B4A-11D0-8D11-00A0C91BC942}") = "consturctor", "consturctor\consturctor.vcxproj", "{730A596D-219C-420D-8DA0-66BF7FE24010}"
EndProject
Project("{8BC9CEB8-8B4A-11D0-8D11-00A0C91BC942}") = "destructor", "destructor\destructor.vcxproj", "{17436342-C8A1-46C4-9D07-C0D9C1993DCB}"
EndProject
Global
	GlobalSection(SolutionConfigurationPlatforms) = preSolution
		Debug|x64 = Debug|x64
		Debug|x86 = Debug|x86
		Release|x64 = Release|x64
		Release|x86 = Release|x86
	EndGlobalSection
	GlobalSection(ProjectConfigurationPlatforms) = postSolution
		{10E5138C-9790-4B02-BD78-6157E00035F8}.Debug|x64.ActiveCfg = Debug|x64
		{10E5138C-9790-4B02-BD78-6157E00035F8}.Debug|x64.Build.0 = Debug|x64
		{10E5138C-9790-4B02-BD78-6157E00035F8}.Debug|x86.ActiveCfg = Debug|Win32
		{10E5138C-9790-4B02-BD78-6157E00035F8}.Debug|x86.Build.0 = Debug|Win32
		{10E5138C-9790-4B02-BD78-6157E00035F8}.Release|x64.ActiveCfg = Release|x64
		{10E5138C-9790-4B02-BD78-6157E00035F8}.Release|x64.Build.0 = Release|x64
		{10E5138C-9790-4B02-BD78-6157E00035F8}.Release|x86.ActiveCfg = Release|Win32
		{10E5138C-9790-4B02-BD78-6157E00035F8}.Release|x86.Build.0 = Release|Win32
		{00EE38D5-6AB0-4F17-B610-98F0D8F6CB14}.Debug|x64.ActiveCfg = Debug|x64
		{00EE38D5-6AB0-4F17-B610-98F0D8F6CB14}.Debug|x64.Build.0 = Debug|x64
		{00EE38D5-6AB0-4F17-B610-98F0D8F6CB14}.Debug|x86.ActiveCfg = Debug|Win32
		{00EE38D5-6AB0-4F17-B610-98F0D8F6CB14}.Debug|x86.Build.0 = Debug|Win32
		{00EE38D5-6AB0-4F17-B610-98F0D8F6CB14}.Release|x64.ActiveCfg = Release|x64
		{00EE38D5-6AB0-4F17-B610-98F0D8F6CB14}.Release|x64.Build.0 = Release|x64
		{00EE38D5-6AB0-4F17-B610-98F0D8F6CB14}.Release|x86.ActiveCfg = Release|Win32
		{00EE38D5-6AB0-4F17-B610-98F0D8F6CB14}.Release|x86.Build.0 = Release|Win32
		{730A596D-219C-420D-8DA0-66BF7FE24010}.Debug|x64.ActiveCfg = Debug|x64
		{730A596D-219C-420D-8DA0-66BF7FE24010}.Debug|x64.Build.0 = Debug|x64
		{730A596D-219C-420D-8DA0-66BF7FE24010}.Debug|x86.ActiveCfg = Debug|Win32
		{730A596D-219C-420D-8DA0-66BF7FE24010}.Debug|x86.Build.0 = Debug|Win32
		{730A596D-219C-420D-8DA0-66BF7FE24010}.Release|x64.ActiveCfg = Release|x64
		{730A596D-219C-420D-8DA0-66BF7FE24010}.Release|x64.Build.0 = Release|x64
		{730A596D-219C-420D-8DA0-66BF7FE24010}.Release|x86.ActiveCfg = Release|Win32
		{730A596D-219C-420D-8DA0-66BF7FE24010}.Release|x86.Build.0 = Release|Win32
		{17436342-C8A1-46C4-9D07-C0D9C1993DCB}.Debug|x64.ActiveCfg = Debug|x64
		{17436342-C8A1-46C4-9D07-C0D9C1993DCB}.Debug|x64.Build.0 = Debug|x64
		{17436342-C8A1-46C4-9D07-C0D9C1993DCB}.Debug|x86.ActiveCfg = Debug|Win32
		{17436342-C8A1-46C4-9D07-C0D9C1993DCB}.Debug|x86.Build.0 = Debug|Win32
		{17436342-C8A1-46C4-9D07-C0D9C1993DCB}.Release|x64.ActiveCfg = Release|x64
		{17436342-C8A1-46C4-9D07-C0D9C1993DCB}.Release|x64.Build.0 = Release|x64
		{17436342-C8A1-46C4-9D07-C0D9C1993DCB}.Release|x86.ActiveCfg = Release|Win32
		{17436342-C8A1-46C4-9D07-C0D9C1993DCB}.Release|x86.Build.0 = Release|Win32
	EndGlobalSection
	GlobalSection(SolutionProperties) = preSolution
		HideSolutionNode = FALSE
	EndGlobalSection
	GlobalSection(ExtensibilityGlobals) = postSolution
		SolutionGuid = {44EC4F73-297E-411D-81BC-6C752E338567}
	EndGlobalSection
EndGlobal
